{
  "name": "archives",
  "requires": true,
  "lockfileVersion": 1,
  "dependencies": {
    "startbootstrap-simple-sidebar": {
      "version": "4.0.0-alpha",
      "resolved": "https://registry.npmjs.org/startbootstrap-simple-sidebar/-/startbootstrap-simple-sidebar-4.0.0-alpha.tgz",
      "integrity": "sha1-IQTt/jvRqL37e4rhJ0nuU4yT20Y="
    }
  }
}
